PODS:
  - dji (1.0.0):
    - DJI-SDK-iOS (~> 4.14)
    - Flutter
  - DJI-SDK-iOS (4.15)
  - Flutter (1.0.0)

DEPENDENCIES:
  - dji (from `.symlinks/plugins/dji/ios`)
  - Flutter (from `Flutter`)

SPEC REPOS:
  trunk:
    - DJI-SDK-iOS

EXTERNAL SOURCES:
  dji:
    :path: ".symlinks/plugins/dji/ios"
  Flutter:
    :path: Flutter

SPEC CHECKSUMS:
  dji: d148c7427775a7a0aed8cc37f23ffb887ba24580
  DJI-SDK-iOS: ec65a1c913116bc2fd3f93d03ab29a865cc48205
  Flutter: 50d75fe2f02b26cc09d224853bb45737f8b3214a

PODFILE CHECKSUM: 4e8f8b2be68aeea4c0d5beb6ff1e79fface1d048

COCOAPODS: 1.10.1
