PODS:
  - dji (1.0.0):
    - DJI-SDK-iOS (~> 4.16)
    - DJI-UXSDK-iOS (~> 4.14)
    - DJIWidget (~> 1.6.6)
    - ffmpeg-kit-ios-full (~> 4.5.1)
    - Flutter
  - DJI-SDK-iOS (4.16)
  - DJI-UXSDK-iOS (4.14)
  - DJIWidget (1.6.6)
  - ffmpeg-kit-ios-full (4.5.1)
  - Flutter (1.0.0)
  - flutter_vlc_player (3.0.3):
    - Flutter
    - MobileVLCKit (~> 3.4)
  - MobileVLCKit (3.4.0)
  - path_provider_ios (0.0.1):
    - Flutter

DEPENDENCIES:
  - dji (from `.symlinks/plugins/dji/ios`)
  - Flutter (from `Flutter`)
  - flutter_vlc_player (from `.symlinks/plugins/flutter_vlc_player/ios`)
  - path_provider_ios (from `.symlinks/plugins/path_provider_ios/ios`)

SPEC REPOS:
  trunk:
    - DJI-SDK-iOS
    - DJI-UXSDK-iOS
    - DJIWidget
    - ffmpeg-kit-ios-full
    - MobileVLCKit

EXTERNAL SOURCES:
  dji:
    :path: ".symlinks/plugins/dji/ios"
  Flutter:
    :path: Flutter
  flutter_vlc_player:
    :path: ".symlinks/plugins/flutter_vlc_player/ios"
  path_provider_ios:
    :path: ".symlinks/plugins/path_provider_ios/ios"

SPEC CHECKSUMS:
  dji: b9cb9f41fee836e2ff1b3bd4e48b99369c641d80
  DJI-SDK-iOS: 1eea401c947433562e268f9cce25f1ea5c132875
  DJI-UXSDK-iOS: 13bcf4ed89db6ea19fd125b1392613153f0c96b9
  DJIWidget: c5bb70aeb7deb9b0a99e5e63539ac249db4fab67
  ffmpeg-kit-ios-full: 1e918caa885a00501ec1606c68a874d07d681705
  Flutter: 50d75fe2f02b26cc09d224853bb45737f8b3214a
  flutter_vlc_player: a0bd756da5d2456f6d26963976616185a65ec677
  MobileVLCKit: 20ccee43f7788a94ea1f67179e33d9600779dfd9
  path_provider_ios: 14f3d2fd28c4fdb42f44e0f751d12861c43cee02

PODFILE CHECKSUM: 57c8aed26fba39d3ec9424816221f294a07c58eb

COCOAPODS: 1.11.2
